// !$*UTF8*$!
{
	archiveVersion = 1;
	classes = {
	};
	objectVersion = 46;
	objects = {

/* Begin PBXBuildFile section */
		360F20251DB49C67000DD0A9 /* main.m in Sources */ = {isa = PBXBuildFile; fileRef = 360F20241DB49C67000DD0A9 /* main.m */; };
		360F20281DB49C67000DD0A9 /* AppDelegate.m in Sources */ = {isa = PBXBuildFile; fileRef = 360F20271DB49C67000DD0A9 /* AppDelegate.m */; };
		360F202B1DB49C67000DD0A9 /* ViewController.m in Sources */ = {isa = PBXBuildFile; fileRef = 360F202A1DB49C67000DD0A9 /* ViewController.m */; };
		360F202E1DB49C67000DD0A9 /* Main.storyboard in Resources */ = {isa = PBXBuildFile; fileRef = 360F202C1DB49C67000DD0A9 /* Main.storyboard */; };
		360F20301DB49C67000DD0A9 /* Assets.xcassets in Resources */ = {isa = PBXBuildFile; fileRef = 360F202F1DB49C67000DD0A9 /* Assets.xcassets */; };
		360F20331DB49C67000DD0A9 /* LaunchScreen.storyboard in Resources */ = {isa = PBXBuildFile; fileRef = 360F20311DB49C67000DD0A9 /* LaunchScreen.storyboard */; };
		360F203E1DB49C67000DD0A9 /* LYLDataBaseManagerTests.m in Sources */ = {isa = PBXBuildFile; fileRef = 360F203D1DB49C67000DD0A9 /* LYLDataBaseManagerTests.m */; };
		360F20491DB49C67000DD0A9 /* LYLDataBaseManagerUITests.m in Sources */ = {isa = PBXBuildFile; fileRef = 360F20481DB49C67000DD0A9 /* LYLDataBaseManagerUITests.m */; };
		360F20651DB49C79000DD0A9 /* FMDatabase.m in Sources */ = {isa = PBXBuildFile; fileRef = 360F20581DB49C79000DD0A9 /* FMDatabase.m */; };
		360F20661DB49C79000DD0A9 /* FMDatabaseAdditions.m in Sources */ = {isa = PBXBuildFile; fileRef = 360F205A1DB49C79000DD0A9 /* FMDatabaseAdditions.m */; };
		360F20671DB49C79000DD0A9 /* FMDatabasePool.m in Sources */ = {isa = PBXBuildFile; fileRef = 360F205C1DB49C79000DD0A9 /* FMDatabasePool.m */; };
		360F20681DB49C79000DD0A9 /* FMDatabaseQueue.m in Sources */ = {isa = PBXBuildFile; fileRef = 360F205E1DB49C79000DD0A9 /* FMDatabaseQueue.m */; };
		360F20691DB49C79000DD0A9 /* FMResultSet.m in Sources */ = {isa = PBXBuildFile; fileRef = 360F20611DB49C79000DD0A9 /* FMResultSet.m */; };
		360F206A1DB49C79000DD0A9 /* Info.plist in Resources */ = {isa = PBXBuildFile; fileRef = 360F20621DB49C79000DD0A9 /* Info.plist */; };
		360F206B1DB49C79000DD0A9 /* LYLDataBaseManager.m in Sources */ = {isa = PBXBuildFile; fileRef = 360F20641DB49C79000DD0A9 /* LYLDataBaseManager.m */; };
/* End PBXBuildFile section */

/* Begin PBXContainerItemProxy section */
		360F203A1DB49C67000DD0A9 /* PBXContainerItemProxy */ = {
			isa = PBXContainerItemProxy;
			containerPortal = 360F20181DB49C67000DD0A9 /* Project object */;
			proxyType = 1;
			remoteGlobalIDString = 360F201F1DB49C67000DD0A9;
			remoteInfo = LYLDataBaseManager;
		};
		360F20451DB49C67000DD0A9 /* PBXContainerItemProxy */ = {
			isa = PBXContainerItemProxy;
			containerPortal = 360F20181DB49C67000DD0A9 /* Project object */;
			proxyType = 1;
			remoteGlobalIDString = 360F201F1DB49C67000DD0A9;
			remoteInfo = LYLDataBaseManager;
		};
/* End PBXContainerItemProxy section */

/* Begin PBXFileReference section */
		360F20201DB49C67000DD0A9 /* LYLDataBaseManager.app */ = {isa = PBXFileReference; explicitFileType = wrapper.application; includeInIndex = 0; path = LYLDataBaseManager.app; sourceTree = BUILT_PRODUCTS_DIR; };
		360F20241DB49C67000DD0A9 /* main.m */ = {isa = PBXFileReference; lastKnownFileType = sourcecode.c.objc; path = main.m; sourceTree = "<group>"; };
		360F20261DB49C67000DD0A9 /* AppDelegate.h */ = {isa = PBXFileReference; lastKnownFileType = sourcecode.c.h; path = AppDelegate.h; sourceTree = "<group>"; };
		360F20271DB49C67000DD0A9 /* AppDelegate.m */ = {isa = PBXFileReference; lastKnownFileType = sourcecode.c.objc; path = AppDelegate.m; sourceTree = "<group>"; };
		360F20291DB49C67000DD0A9 /* ViewController.h */ = {isa = PBXFileReference; lastKnownFileType = sourcecode.c.h; path = ViewController.h; sourceTree = "<group>"; };
		360F202A1DB49C67000DD0A9 /* ViewController.m */ = {isa = PBXFileReference; lastKnownFileType = sourcecode.c.objc; path = ViewController.m; sourceTree = "<group>"; };
		360F202D1DB49C67000DD0A9 /* Base */ = {isa = PBXFileReference; lastKnownFileType = file.storyboard; name = Base; path = Base.lproj/Main.storyboard; sourceTree = "<group>"; };
		360F202F1DB49C67000DD0A9 /* Assets.xcassets */ = {isa = PBXFileReference; lastKnownFileType = folder.assetcatalog; path = Assets.xcassets; sourceTree = "<group>"; };
		360F20321DB49C67000DD0A9 /* Base */ = {isa = PBXFileReference; lastKnownFileType = file.storyboard; name = Base; path = Base.lproj/LaunchScreen.storyboard; sourceTree = "<group>"; };
		360F20341DB49C67000DD0A9 /* Info.plist */ = {isa = PBXFileReference; lastKnownFileType = text.plist.xml; path = Info.plist; sourceTree = "<group>"; };
		360F20391DB49C67000DD0A9 /* LYLDataBaseManagerTests.xctest */ = {isa = PBXFileReference; explicitFileType = wrapper.cfbundle; includeInIndex = 0; path = LYLDataBaseManagerTests.xctest; sourceTree = BUILT_PRODUCTS_DIR; };
		360F203D1DB49C67000DD0A9 /* LYLDataBaseManagerTests.m */ = {isa = PBXFileReference; lastKnownFileType = sourcecode.c.objc; path = LYLDataBaseManagerTests.m; sourceTree = "<group>"; };
		360F203F1DB49C67000DD0A9 /* Info.plist */ = {isa = PBXFileReference; lastKnownFileType = text.plist.xml; path = Info.plist; sourceTree = "<group>"; };
		360F20441DB49C67000DD0A9 /* LYLDataBaseManagerUITests.xctest */ = {isa = PBXFileReference; explicitFileType = wrapper.cfbundle; includeInIndex = 0; path = LYLDataBaseManagerUITests.xctest; sourceTree = BUILT_PRODUCTS_DIR; };
		360F20481DB49C67000DD0A9 /* LYLDataBaseManagerUITests.m */ = {isa = PBXFileReference; lastKnownFileType = sourcecode.c.objc; path = LYLDataBaseManagerUITests.m; sourceTree = "<group>"; };
		360F204A1DB49C67000DD0A9 /* Info.plist */ = {isa = PBXFileReference; lastKnownFileType = text.plist.xml; path = Info.plist; sourceTree = "<group>"; };
		360F20571DB49C79000DD0A9 /* FMDatabase.h */ = {isa = PBXFileReference; fileEncoding = 4; lastKnownFileType = sourcecode.c.h; path = FMDatabase.h; sourceTree = "<group>"; };
		360F20581DB49C79000DD0A9 /* FMDatabase.m */ = {isa = PBXFileReference; fileEncoding = 4; lastKnownFileType = sourcecode.c.objc; path = FMDatabase.m; sourceTree = "<group>"; };
		360F20591DB49C79000DD0A9 /* FMDatabaseAdditions.h */ = {isa = PBXFileReference; fileEncoding = 4; lastKnownFileType = sourcecode.c.h; path = FMDatabaseAdditions.h; sourceTree = "<group>"; };
		360F205A1DB49C79000DD0A9 /* FMDatabaseAdditions.m */ = {isa = PBXFileReference; fileEncoding = 4; lastKnownFileType = sourcecode.c.objc; path = FMDatabaseAdditions.m; sourceTree = "<group>"; };
		360F205B1DB49C79000DD0A9 /* FMDatabasePool.h */ = {isa = PBXFileReference; fileEncoding = 4; lastKnownFileType = sourcecode.c.h; path = FMDatabasePool.h; sourceTree = "<group>"; };
		360F205C1DB49C79000DD0A9 /* FMDatabasePool.m */ = {isa = PBXFileReference; fileEncoding = 4; lastKnownFileType = sourcecode.c.objc; path = FMDatabasePool.m; sourceTree = "<group>"; };
		360F205D1DB49C79000DD0A9 /* FMDatabaseQueue.h */ = {isa = PBXFileReference; fileEncoding = 4; lastKnownFileType = sourcecode.c.h; path = FMDatabaseQueue.h; sourceTree = "<group>"; };
		360F205E1DB49C79000DD0A9 /* FMDatabaseQueue.m */ = {isa = PBXFileReference; fileEncoding = 4; lastKnownFileType = sourcecode.c.objc; path = FMDatabaseQueue.m; sourceTree = "<group>"; };
		360F205F1DB49C79000DD0A9 /* FMDB.h */ = {isa = PBXFileReference; fileEncoding = 4; lastKnownFileType = sourcecode.c.h; path = FMDB.h; sourceTree = "<group>"; };
		360F20601DB49C79000DD0A9 /* FMResultSet.h */ = {isa = PBXFileReference; fileEncoding = 4; lastKnownFileType = sourcecode.c.h; path = FMResultSet.h; sourceTree = "<group>"; };
		360F20611DB49C79000DD0A9 /* FMResultSet.m */ = {isa = PBXFileReference; fileEncoding = 4; lastKnownFileType = sourcecode.c.objc; path = FMResultSet.m; sourceTree = "<group>"; };
		360F20621DB49C79000DD0A9 /* Info.plist */ = {isa = PBXFileReference; fileEncoding = 4; lastKnownFileType = text.plist.xml; path = Info.plist; sourceTree = "<group>"; };
		360F20631DB49C79000DD0A9 /* LYLDataBaseManager.h */ = {isa = PBXFileReference; fileEncoding = 4; lastKnownFileType = sourcecode.c.h; path = LYLDataBaseManager.h; sourceTree = "<group>"; };
		360F20641DB49C79000DD0A9 /* LYLDataBaseManager.m */ = {isa = PBXFileReference; fileEncoding = 4; lastKnownFileType = sourcecode.c.objc; path = LYLDataBaseManager.m; sourceTree = "<group>"; };
/* End PBXFileReference section */

/* Begin PBXFrameworksBuildPhase section */
		360F201D1DB49C67000DD0A9 /* Frameworks */ = {
			isa = PBXFrameworksBuildPhase;
			buildActionMask = 2147483647;
			files = (
			);
			runOnlyForDeploymentPostprocessing = 0;
		};
		360F20361DB49C67000DD0A9 /* Frameworks */ = {
			isa = PBXFrameworksBuildPhase;
			buildActionMask = 2147483647;
			files = (
			);
			runOnlyForDeploymentPostprocessing = 0;
		};
		360F20411DB49C67000DD0A9 /* Frameworks */ = {
			isa = PBXFrameworksBuildPhase;
			buildActionMask = 2147483647;
			files = (
			);
			runOnlyForDeploymentPostprocessing = 0;
		};
/* End PBXFrameworksBuildPhase section */

/* Begin PBXGroup section */
		360F20171DB49C67000DD0A9 = {
			isa = PBXGroup;
			children = (
				360F20221DB49C67000DD0A9 /* LYLDataBaseManager */,
				360F203C1DB49C67000DD0A9 /* LYLDataBaseManagerTests */,
				360F20471DB49C67000DD0A9 /* LYLDataBaseManagerUITests */,
				360F20211DB49C67000DD0A9 /* Products */,
			);
			sourceTree = "<group>";
		};
		360F20211DB49C67000DD0A9 /* Products */ = {
			isa = PBXGroup;
			children = (
				360F20201DB49C67000DD0A9 /* LYLDataBaseManager.app */,
				360F20391DB49C67000DD0A9 /* LYLDataBaseManagerTests.xctest */,
				360F20441DB49C67000DD0A9 /* LYLDataBaseManagerUITests.xctest */,
			);
			name = Products;
			sourceTree = "<group>";
		};
		360F20221DB49C67000DD0A9 /* LYLDataBaseManager */ = {
			isa = PBXGroup;
			children = (
				360F20561DB49C79000DD0A9 /* LYLDataBase */,
				360F20261DB49C67000DD0A9 /* AppDelegate.h */,
				360F20271DB49C67000DD0A9 /* AppDelegate.m */,
				360F20291DB49C67000DD0A9 /* ViewController.h */,
				360F202A1DB49C67000DD0A9 /* ViewController.m */,
				360F202C1DB49C67000DD0A9 /* Main.storyboard */,
				360F202F1DB49C67000DD0A9 /* Assets.xcassets */,
				360F20311DB49C67000DD0A9 /* LaunchScreen.storyboard */,
				360F20341DB49C67000DD0A9 /* Info.plist */,
				360F20231DB49C67000DD0A9 /* Supporting Files */,
			);
			path = LYLDataBaseManager;
			sourceTree = "<group>";
		};
		360F20231DB49C67000DD0A9 /* Supporting Files */ = {
			isa = PBXGroup;
			children = (
				360F20241DB49C67000DD0A9 /* main.m */,
			);
			name = "Supporting Files";
			sourceTree = "<group>";
		};
		360F203C1DB49C67000DD0A9 /* LYLDataBaseManagerTests */ = {
			isa = PBXGroup;
			children = (
				360F203D1DB49C67000DD0A9 /* LYLDataBaseManagerTests.m */,
				360F203F1DB49C67000DD0A9 /* Info.plist */,
			);
			path = LYLDataBaseManagerTests;
			sourceTree = "<group>";
		};
		360F20471DB49C67000DD0A9 /* LYLDataBaseManagerUITests */ = {
			isa = PBXGroup;
			children = (
				360F20481DB49C67000DD0A9 /* LYLDataBaseManagerUITests.m */,
				360F204A1DB49C67000DD0A9 /* Info.plist */,
			);
			path = LYLDataBaseManagerUITests;
			sourceTree = "<group>";
		};
		360F20561DB49C79000DD0A9 /* LYLDataBase */ = {
			isa = PBXGroup;
			children = (
				360F20571DB49C79000DD0A9 /* FMDatabase.h */,
				360F20581DB49C79000DD0A9 /* FMDatabase.m */,
				360F20591DB49C79000DD0A9 /* FMDatabaseAdditions.h */,
				360F205A1DB49C79000DD0A9 /* FMDatabaseAdditions.m */,
				360F205B1DB49C79000DD0A9 /* FMDatabasePool.h */,
				360F205C1DB49C79000DD0A9 /* FMDatabasePool.m */,
				360F205D1DB49C79000DD0A9 /* FMDatabaseQueue.h */,
				360F205E1DB49C79000DD0A9 /* FMDatabaseQueue.m */,
				360F205F1DB49C79000DD0A9 /* FMDB.h */,
				360F20601DB49C79000DD0A9 /* FMResultSet.h */,
				360F20611DB49C79000DD0A9 /* FMResultSet.m */,
				360F20621DB49C79000DD0A9 /* Info.plist */,
				360F20631DB49C79000DD0A9 /* LYLDataBaseManager.h */,
				360F20641DB49C79000DD0A9 /* LYLDataBaseManager.m */,
			);
			path = LYLDataBase;
			sourceTree = "<group>";
		};
/* End PBXGroup section */

/* Begin PBXNativeTarget section */
		360F201F1DB49C67000DD0A9 /* LYLDataBaseManager */ = {
			isa = PBXNativeTarget;
			buildConfigurationList = 360F204D1DB49C67000DD0A9 /* Build configuration list for PBXNativeTarget "LYLDataBaseManager" */;
			buildPhases = (
				360F201C1DB49C67000DD0A9 /* Sources */,
				360F201D1DB49C67000DD0A9 /* Frameworks */,
				360F201E1DB49C67000DD0A9 /* Resources */,
			);
			buildRules = (
			);
			dependencies = (
			);
			name = LYLDataBaseManager;
			productName = LYLDataBaseManager;
			productReference = 360F20201DB49C67000DD0A9 /* LYLDataBaseManager.app */;
			productType = "com.apple.product-type.application";
		};
		360F20381DB49C67000DD0A9 /* LYLDataBaseManagerTests */ = {
			isa = PBXNativeTarget;
			buildConfigurationList = 360F20501DB49C67000DD0A9 /* Build configuration list for PBXNativeTarget "LYLDataBaseManagerTests" */;
			buildPhases = (
				360F20351DB49C67000DD0A9 /* Sources */,
				360F20361DB49C67000DD0A9 /* Frameworks */,
				360F20371DB49C67000DD0A9 /* Resources */,
			);
			buildRules = (
			);
			dependencies = (
				360F203B1DB49C67000DD0A9 /* PBXTargetDependency */,
			);
			name = LYLDataBaseManagerTests;
			productName = LYLDataBaseManagerTests;
			productReference = 360F20391DB49C67000DD0A9 /* LYLDataBaseManagerTests.xctest */;
			productType = "com.apple.product-type.bundle.unit-test";
		};
		360F20431DB49C67000DD0A9 /* LYLDataBaseManagerUITests */ = {
			isa = PBXNativeTarget;
			buildConfigurationList = 360F20531DB49C67000DD0A9 /* Build configuration list for PBXNativeTarget "LYLDataBaseManagerUITests" */;
			buildPhases = (
				360F20401DB49C67000DD0A9 /* Sources */,
				360F20411DB49C67000DD0A9 /* Frameworks */,
				360F20421DB49C67000DD0A9 /* Resources */,
			);
			buildRules = (
			);
			dependencies = (
				360F20461DB49C67000DD0A9 /* PBXTargetDependency */,
			);
			name = LYLDataBaseManagerUITests;
			productName = LYLDataBaseManagerUITests;
			productReference = 360F20441DB49C67000DD0A9 /* LYLDataBaseManagerUITests.xctest */;
			productType = "com.apple.product-type.bundle.ui-testing";
		};
/* End PBXNativeTarget section */

/* Begin PBXProject section */
		360F20181DB49C67000DD0A9 /* Project object */ = {
			isa = PBXProject;
			attributes = {
				LastUpgradeCheck = 0730;
				ORGANIZATIONNAME = Rainy;
				TargetAttributes = {
					360F201F1DB49C67000DD0A9 = {
						CreatedOnToolsVersion = 7.3.1;
					};
					360F20381DB49C67000DD0A9 = {
						CreatedOnToolsVersion = 7.3.1;
						TestTargetID = 360F201F1DB49C67000DD0A9;
					};
					360F20431DB49C67000DD0A9 = {
						CreatedOnToolsVersion = 7.3.1;
						TestTargetID = 360F201F1DB49C67000DD0A9;
					};
				};
			};
			buildConfigurationList = 360F201B1DB49C67000DD0A9 /* Build configuration list for PBXProject "LYLDataBaseManager" */;
			compatibilityVersion = "Xcode 3.2";
			developmentRegion = English;
			hasScannedForEncodings = 0;
			knownRegions = (
				en,
				Base,
			);
			mainGroup = 360F20171DB49C67000DD0A9;
			productRefGroup = 360F20211DB49C67000DD0A9 /* Products */;
			projectDirPath = "";
			projectRoot = "";
			targets = (
				360F201F1DB49C67000DD0A9 /* LYLDataBaseManager */,
				360F20381DB49C67000DD0A9 /* LYLDataBaseManagerTests */,
				360F20431DB49C67000DD0A9 /* LYLDataBaseManagerUITests */,
			);
		};
/* End PBXProject section */

/* Begin PBXResourcesBuildPhase section */
		360F201E1DB49C67000DD0A9 /* Resources */ = {
			isa = PBXResourcesBuildPhase;
			buildActionMask = 2147483647;
			files = (
				360F206A1DB49C79000DD0A9 /* Info.plist in Resources */,
				360F20331DB49C67000DD0A9 /* LaunchScreen.storyboard in Resources */,
				360F20301DB49C67000DD0A9 /* Assets.xcassets in Resources */,
				360F202E1DB49C67000DD0A9 /* Main.storyboard in Resources */,
			);
			runOnlyForDeploymentPostprocessing = 0;
		};
		360F20371DB49C67000DD0A9 /* Resources */ = {
			isa = PBXResourcesBuildPhase;
			buildActionMask = 2147483647;
			files = (
			);
			runOnlyForDeploymentPostprocessing = 0;
		};
		360F20421DB49C67000DD0A9 /* Resources */ = {
			isa = PBXResourcesBuildPhase;
			buildActionMask = 2147483647;
			files = (
			);
			runOnlyForDeploymentPostprocessing = 0;
		};
/* End PBXResourcesBuildPhase section */

/* Begin PBXSourcesBuildPhase section */
		360F201C1DB49C67000DD0A9 /* Sources */ = {
			isa = PBXSourcesBuildPhase;
			buildActionMask = 2147483647;
			files = (
				360F202B1DB49C67000DD0A9 /* ViewController.m in Sources */,
				360F20671DB49C79000DD0A9 /* FMDatabasePool.m in Sources */,
				360F20281DB49C67000DD0A9 /* AppDelegate.m in Sources */,
				360F20681DB49C79000DD0A9 /* FMDatabaseQueue.m in Sources */,
				360F20251DB49C67000DD0A9 /* main.m in Sources */,
				360F206B1DB49C79000DD0A9 /* LYLDataBaseManager.m in Sources */,
				360F20651DB49C79000DD0A9 /* FMDatabase.m in Sources */,
				360F20691DB49C79000DD0A9 /* FMResultSet.m in Sources */,
				360F20661DB49C79000DD0A9 /* FMDatabaseAdditions.m in Sources */,
			);
			runOnlyForDeploymentPostprocessing = 0;
		};
		360F20351DB49C67000DD0A9 /* Sources */ = {
			isa = PBXSourcesBuildPhase;
			buildActionMask = 2147483647;
			files = (
				360F203E1DB49C67000DD0A9 /* LYLDataBaseManagerTests.m in Sources */,
			);
			runOnlyForDeploymentPostprocessing = 0;
		};
		360F20401DB49C67000DD0A9 /* Sources */ = {
			isa = PBXSourcesBuildPhase;
			buildActionMask = 2147483647;
			files = (
				360F20491DB49C67000DD0A9 /* LYLDataBaseManagerUITests.m in Sources */,
			);
			runOnlyForDeploymentPostprocessing = 0;
		};
/* End PBXSourcesBuildPhase section */

/* Begin PBXTargetDependency section */
		360F203B1DB49C67000DD0A9 /* PBXTargetDependency */ = {
			isa = PBXTargetDependency;
			target = 360F201F1DB49C67000DD0A9 /* LYLDataBaseManager */;
			targetProxy = 360F203A1DB49C67000DD0A9 /* PBXContainerItemProxy */;
		};
		360F20461DB49C67000DD0A9 /* PBXTargetDependency */ = {
			isa = PBXTargetDependency;
			target = 360F201F1DB49C67000DD0A9 /* LYLDataBaseManager */;
			targetProxy = 360F20451DB49C67000DD0A9 /* PBXContainerItemProxy */;
		};
/* End PBXTargetDependency section */

/* Begin PBXVariantGroup section */
		360F202C1DB49C67000DD0A9 /* Main.storyboard */ = {
			isa = PBXVariantGroup;
			children = (
				360F202D1DB49C67000DD0A9 /* Base */,
			);
			name = Main.storyboard;
			sourceTree = "<group>";
		};
		360F20311DB49C67000DD0A9 /* LaunchScreen.storyboard */ = {
			isa = PBXVariantGroup;
			children = (
				360F20321DB49C67000DD0A9 /* Base */,
			);
			name = LaunchScreen.storyboard;
			sourceTree = "<group>";
		};
/* End PBXVariantGroup section */

/* Begin XCBuildConfiguration section */
		360F204B1DB49C67000DD0A9 /* Debug */ = {
			isa = XCBuildConfiguration;
			buildSettings = {
				ALWAYS_SEARCH_USER_PATHS = NO;
				CLANG_ANALYZER_NONNULL = YES;
				CLANG_CXX_LANGUAGE_STANDARD = "gnu++0x";
				CLANG_CXX_LIBRARY = "libc++";
				CLANG_ENABLE_MODULES = YES;
				CLANG_ENABLE_OBJC_ARC = YES;
				CLANG_WARN_BOOL_CONVERSION = YES;
				CLANG_WARN_CONSTANT_CONVERSION = YES;
				CLANG_WARN_DIRECT_OBJC_ISA_USAGE = YES_ERROR;
				CLANG_WARN_EMPTY_BODY = YES;
				CLANG_WARN_ENUM_CONVERSION = YES;
				CLANG_WARN_INT_CONVERSION = YES;
				CLANG_WARN_OBJC_ROOT_CLASS = YES_ERROR;
				CLANG_WARN_UNREACHABLE_CODE = YES;
				CLANG_WARN__DUPLICATE_METHOD_MATCH = YES;
				"CODE_SIGN_IDENTITY[sdk=iphoneos*]" = "iPhone Developer";
				COPY_PHASE_STRIP = NO;
				DEBUG_INFORMATION_FORMAT = dwarf;
				ENABLE_STRICT_OBJC_MSGSEND = YES;
				ENABLE_TESTABILITY = YES;
				GCC_C_LANGUAGE_STANDARD = gnu99;
				GCC_DYNAMIC_NO_PIC = NO;
				GCC_NO_COMMON_BLOCKS = YES;
				GCC_OPTIMIZATION_LEVEL = 0;
				GCC_PREPROCESSOR_DEFINITIONS = (
					"DEBUG=1",
					"$(inherited)",
				);
				GCC_WARN_64_TO_32_BIT_CONVERSION = YES;
				GCC_WARN_ABOUT_RETURN_TYPE = YES_ERROR;
				GCC_WARN_UNDECLARED_SELECTOR = YES;
				GCC_WARN_UNINITIALIZED_AUTOS = YES_AGGRESSIVE;
				GCC_WARN_UNUSED_FUNCTION = YES;
				GCC_WARN_UNUSED_VARIABLE = YES;
				IPHONEOS_DEPLOYMENT_TARGET = 9.3;
				MTL_ENABLE_DEBUG_INFO = YES;
				ONLY_ACTIVE_ARCH = YES;
				SDKROOT = iphoneos;
				TARGETED_DEVICE_FAMILY = "1,2";
			};
			name = Debug;
		};
		360F204C1DB49C67000DD0A9 /* Release */ = {
			isa = XCBuildConfiguration;
			buildSettings = {
				ALWAYS_SEARCH_USER_PATHS = NO;
				CLANG_ANALYZER_NONNULL = YES;
				CLANG_CXX_LANGUAGE_STANDARD = "gnu++0x";
				CLANG_CXX_LIBRARY = "libc++";
				CLANG_ENABLE_MODULES = YES;
				CLANG_ENABLE_OBJC_ARC = YES;
				CLANG_WARN_BOOL_CONVERSION = YES;
				CLANG_WARN_CONSTANT_CONVERSION = YES;
				CLANG_WARN_DIRECT_OBJC_ISA_USAGE = YES_ERROR;
				CLANG_WARN_EMPTY_BODY = YES;
				CLANG_WARN_ENUM_CONVERSION = YES;
				CLANG_WARN_INT_CONVERSION = YES;
				CLANG_WARN_OBJC_ROOT_CLASS = YES_ERROR;
				CLANG_WARN_UNREACHABLE_CODE = YES;
				CLANG_WARN__DUPLICATE_METHOD_MATCH = YES;
				"CODE_SIGN_IDENTITY[sdk=iphoneos*]" = "iPhone Developer";
				COPY_PHASE_STRIP = NO;
				DEBUG_INFORMATION_FORMAT = "dwarf-with-dsym";
				ENABLE_NS_ASSERTIONS = NO;
				ENABLE_STRICT_OBJC_MSGSEND = YES;
				GCC_C_LANGUAGE_STANDARD = gnu99;
				GCC_NO_COMMON_BLOCKS = YES;
				GCC_WARN_64_TO_32_BIT_CONVERSION = YES;
				GCC_WARN_ABOUT_RETURN_TYPE = YES_ERROR;
				GCC_WARN_UNDECLARED_SELECTOR = YES;
				GCC_WARN_UNINITIALIZED_AUTOS = YES_AGGRESSIVE;
				GCC_WARN_UNUSED_FUNCTION = YES;
				GCC_WARN_UNUSED_VARIABLE = YES;
				IPHONEOS_DEPLOYMENT_TARGET = 9.3;
				MTL_ENABLE_DEBUG_INFO = NO;
				SDKROOT = iphoneos;
				TARGETED_DEVICE_FAMILY = "1,2";
				VALIDATE_PRODUCT = YES;
			};
			name = Release;
		};
		360F204E1DB49C67000DD0A9 /* Debug */ = {
			isa = XCBuildConfiguration;
			buildSettings = {
				ASSETCATALOG_COMPILER_APPICON_NAME = AppIcon;
				INFOPLIST_FILE = LYLDataBaseManager/Info.plist;
				LD_RUNPATH_SEARCH_PATHS = "$(inherited) @executable_path/Frameworks";
				PRODUCT_BUNDLE_IDENTIFIER = "https---github.com-LiuYulei001.LYLDataBaseManager";
				PRODUCT_NAME = "$(TARGET_NAME)";
			};
			name = Debug;
		};
		360F204F1DB49C67000DD0A9 /* Release */ = {
			isa = XCBuildConfiguration;
			buildSettings = {
				ASSETCATALOG_COMPILER_APPICON_NAME = AppIcon;
				INFOPLIST_FILE = LYLDataBaseManager/Info.plist;
				LD_RUNPATH_SEARCH_PATHS = "$(inherited) @executable_path/Frameworks";
				PRODUCT_BUNDLE_IDENTIFIER = "https---github.com-LiuYulei001.LYLDataBaseManager";
				PRODUCT_NAME = "$(TARGET_NAME)";
			};
			name = Release;
		};
		360F20511DB49C67000DD0A9 /* Debug */ = {
			isa = XCBuildConfiguration;
			buildSettings = {
				BUNDLE_LOADER = "$(TEST_HOST)";
				INFOPLIST_FILE = LYLDataBaseManagerTests/Info.plist;
				LD_RUNPATH_SEARCH_PATHS = "$(inherited) @executable_path/Frameworks @loader_path/Frameworks";
				PRODUCT_BUNDLE_IDENTIFIER = "https---github.com-LiuYulei001.LYLDataBaseManagerTests";
				PRODUCT_NAME = "$(TARGET_NAME)";
				TEST_HOST = "$(BUILT_PRODUCTS_DIR)/LYLDataBaseManager.app/LYLDataBaseManager";
			};
			name = Debug;
		};
		360F20521DB49C67000DD0A9 /* Release */ = {
			isa = XCBuildConfiguration;
			buildSettings = {
				BUNDLE_LOADER = "$(TEST_HOST)";
				INFOPLIST_FILE = LYLDataBaseManagerTests/Info.plist;
				LD_RUNPATH_SEARCH_PATHS = "$(inherited) @executable_path/Frameworks @loader_path/Frameworks";
				PRODUCT_BUNDLE_IDENTIFIER = "https---github.com-LiuYulei001.LYLDataBaseManagerTests";
				PRODUCT_NAME = "$(TARGET_NAME)";
				TEST_HOST = "$(BUILT_PRODUCTS_DIR)/LYLDataBaseManager.app/LYLDataBaseManager";
			};
			name = Release;
		};
		360F20541DB49C67000DD0A9 /* Debug */ = {
			isa = XCBuildConfiguration;
			buildSettings = {
				INFOPLIST_FILE = LYLDataBaseManagerUITests/Info.plist;
				LD_RUNPATH_SEARCH_PATHS = "$(inherited) @executable_path/Frameworks @loader_path/Frameworks";
				PRODUCT_BUNDLE_IDENTIFIER = "https---github.com-LiuYulei001.LYLDataBaseManagerUITests";
				PRODUCT_NAME = "$(TARGET_NAME)";
				TEST_TARGET_NAME = LYLDataBaseManager;
			};
			name = Debug;
		};
		360F20551DB49C67000DD0A9 /* Release */ = {
			isa = XCBuildConfiguration;
			buildSettings = {
				INFOPLIST_FILE = LYLDataBaseManagerUITests/Info.plist;
				LD_RUNPATH_SEARCH_PATHS = "$(inherited) @executable_path/Frameworks @loader_path/Frameworks";
				PRODUCT_BUNDLE_IDENTIFIER = "https---github.com-LiuYulei001.LYLDataBaseManagerUITests";
				PRODUCT_NAME = "$(TARGET_NAME)";
				TEST_TARGET_NAME = LYLDataBaseManager;
			};
			name = Release;
		};
/* End XCBuildConfiguration section */

/* Begin XCConfigurationList section */
		360F201B1DB49C67000DD0A9 /* Build configuration list for PBXProject "LYLDataBaseManager" */ = {
			isa = XCConfigurationList;
			buildConfigurations = (
				360F204B1DB49C67000DD0A9 /* Debug */,
				360F204C1DB49C67000DD0A9 /* Release */,
			);
			defaultConfigurationIsVisible = 0;
			defaultConfigurationName = Release;
		};
		360F204D1DB49C67000DD0A9 /* Build configuration list for PBXNativeTarget "LYLDataBaseManager" */ = {
			isa = XCConfigurationList;
			buildConfigurations = (
				360F204E1DB49C67000DD0A9 /* Debug */,
				360F204F1DB49C67000DD0A9 /* Release */,
			);
			defaultConfigurationIsVisible = 0;
		};
		360F20501DB49C67000DD0A9 /* Build configuration list for PBXNativeTarget "LYLDataBaseManagerTests" */ = {
			isa = XCConfigurationList;
			buildConfigurations = (
				360F20511DB49C67000DD0A9 /* Debug */,
				360F20521DB49C67000DD0A9 /* Release */,
			);
			defaultConfigurationIsVisible = 0;
		};
		360F20531DB49C67000DD0A9 /* Build configuration list for PBXNativeTarget "LYLDataBaseManagerUITests" */ = {
			isa = XCConfigurationList;
			buildConfigurations = (
				360F20541DB49C67000DD0A9 /* Debug */,
				360F20551DB49C67000DD0A9 /* Release */,
			);
			defaultConfigurationIsVisible = 0;
		};
/* End XCConfigurationList section */
	};
	rootObject = 360F20181DB49C67000DD0A9 /* Project object */;
}
